
Microsoft Visual Studio Solution File, Format Version 12.00
# Visual Studio 15
VisualStudioVersion = 15.0.26430.4
MinimumVisualStudioVersion = 10.0.40219.1
Project("{FAE04EC0-301F-11D3-BF4B-00C04F79EFBC}") = "SuiviAA.Android", "SuiviAA\SuiviAA.Android\SuiviAA.Android.csproj", "{EFE01419-E80E-4C18-8941-C6DA6CD20F80}"
EndProject
Project("{FAE04EC0-301F-11D3-BF4B-00C04F79EFBC}") = "SuiviAA", "SuiviAA\SuiviAA\SuiviAA.csproj", "{723DD3C8-1B8A-47B1-A2C5-1B42F40DEFCC}"
EndProject
Global
	GlobalSection(SolutionConfigurationPlatforms) = preSolution
		Ad-Hoc|Any CPU = Ad-Hoc|Any CPU
		Ad-Hoc|ARM = Ad-Hoc|ARM
		Ad-Hoc|iPhone = Ad-Hoc|iPhone
		Ad-Hoc|iPhoneSimulator = Ad-Hoc|iPhoneSimulator
		Ad-Hoc|x64 = Ad-Hoc|x64
		Ad-Hoc|x86 = Ad-Hoc|x86
		AppStore|Any CPU = AppStore|Any CPU
		AppStore|ARM = AppStore|ARM
		AppStore|iPhone = AppStore|iPhone
		AppStore|iPhoneSimulator = AppStore|iPhoneSimulator
		AppStore|x64 = AppStore|x64
		AppStore|x86 = AppStore|x86
		Debug|Any CPU = Debug|Any CPU
		Debug|ARM = Debug|ARM
		Debug|iPhone = Debug|iPhone
		Debug|iPhoneSimulator = Debug|iPhoneSimulator
		Debug|x64 = Debug|x64
		Debug|x86 = Debug|x86
		Release|Any CPU = Release|Any CPU
		Release|ARM = Release|ARM
		Release|iPhone = Release|iPhone
		Release|iPhoneSimulator = Release|iPhoneSimulator
		Release|x64 = Release|x64
		Release|x86 = Release|x86
	EndGlobalSection
	GlobalSection(ProjectConfigurationPlatforms) = postSolution
		{EFE01419-E80E-4C18-8941-C6DA6CD20F80}.Ad-Hoc|Any CPU.ActiveCfg = Release|Any CPU
		{EFE01419-E80E-4C18-8941-C6DA6CD20F80}.Ad-Hoc|Any CPU.Build.0 = Release|Any CPU
		{EFE01419-E80E-4C18-8941-C6DA6CD20F80}.Ad-Hoc|Any CPU.Deploy.0 = Release|Any CPU
		{EFE01419-E80E-4C18-8941-C6DA6CD20F80}.Ad-Hoc|ARM.ActiveCfg = Release|Any CPU
		{EFE01419-E80E-4C18-8941-C6DA6CD20F80}.Ad-Hoc|ARM.Build.0 = Release|Any CPU
		{EFE01419-E80E-4C18-8941-C6DA6CD20F80}.Ad-Hoc|ARM.Deploy.0 = Release|Any CPU
		{EFE01419-E80E-4C18-8941-C6DA6CD20F80}.Ad-Hoc|iPhone.ActiveCfg = Release|Any CPU
		{EFE01419-E80E-4C18-8941-C6DA6CD20F80}.Ad-Hoc|iPhone.Build.0 = Release|Any CPU
		{EFE01419-E80E-4C18-8941-C6DA6CD20F80}.Ad-Hoc|iPhone.Deploy.0 = Release|Any CPU
		{EFE01419-E80E-4C18-8941-C6DA6CD20F80}.Ad-Hoc|iPhoneSimulator.ActiveCfg = Release|Any CPU
		{EFE01419-E80E-4C18-8941-C6DA6CD20F80}.Ad-Hoc|iPhoneSimulator.Build.0 = Release|Any CPU
		{EFE01419-E80E-4C18-8941-C6DA6CD20F80}.Ad-Hoc|iPhoneSimulator.Deploy.0 = Release|Any CPU
		{EFE01419-E80E-4C18-8941-C6DA6CD20F80}.Ad-Hoc|x64.ActiveCfg = Release|Any CPU
		{EFE01419-E80E-4C18-8941-C6DA6CD20F80}.Ad-Hoc|x64.Build.0 = Release|Any CPU
		{EFE01419-E80E-4C18-8941-C6DA6CD20F80}.Ad-Hoc|x64.Deploy.0 = Release|Any CPU
		{EFE01419-E80E-4C18-8941-C6DA6CD20F80}.Ad-Hoc|x86.ActiveCfg = Release|Any CPU
		{EFE01419-E80E-4C18-8941-C6DA6CD20F80}.Ad-Hoc|x86.Build.0 = Release|Any CPU
		{EFE01419-E80E-4C18-8941-C6DA6CD20F80}.Ad-Hoc|x86.Deploy.0 = Release|Any CPU
		{EFE01419-E80E-4C18-8941-C6DA6CD20F80}.AppStore|Any CPU.ActiveCfg = Release|Any CPU
		{EFE01419-E80E-4C18-8941-C6DA6CD20F80}.AppStore|Any CPU.Build.0 = Release|Any CPU
		{EFE01419-E80E-4C18-8941-C6DA6CD20F80}.AppStore|Any CPU.Deploy.0 = Release|Any CPU
		{EFE01419-E80E-4C18-8941-C6DA6CD20F80}.AppStore|ARM.ActiveCfg = Release|Any CPU
		{EFE01419-E80E-4C18-8941-C6DA6CD20F80}.AppStore|ARM.Build.0 = Release|Any CPU
		{EFE01419-E80E-4C18-8941-C6DA6CD20F80}.AppStore|ARM.Deploy.0 = Release|Any CPU
		{EFE01419-E80E-4C18-8941-C6DA6CD20F80}.AppStore|iPhone.ActiveCfg = Release|Any CPU
		{EFE01419-E80E-4C18-8941-C6DA6CD20F80}.AppStore|iPhone.Build.0 = Release|Any CPU
		{EFE01419-E80E-4C18-8941-C6DA6CD20F80}.AppStore|iPhone.Deploy.0 = Release|Any CPU
		{EFE01419-E80E-4C18-8941-C6DA6CD20F80}.AppStore|iPhoneSimulator.ActiveCfg = Release|Any CPU
		{EFE01419-E80E-4C18-8941-C6DA6CD20F80}.AppStore|iPhoneSimulator.Build.0 = Release|Any CPU
		{EFE01419-E80E-4C18-8941-C6DA6CD20F80}.AppStore|iPhoneSimulator.Deploy.0 = Release|Any CPU
		{EFE01419-E80E-4C18-8941-C6DA6CD20F80}.AppStore|x64.ActiveCfg = Release|Any CPU
		{EFE01419-E80E-4C18-8941-C6DA6CD20F80}.AppStore|x64.Build.0 = Release|Any CPU
		{EFE01419-E80E-4C18-8941-C6DA6CD20F80}.AppStore|x64.Deploy.0 = Release|Any CPU
		{EFE01419-E80E-4C18-8941-C6DA6CD20F80}.AppStore|x86.ActiveCfg = Release|Any CPU
		{EFE01419-E80E-4C18-8941-C6DA6CD20F80}.AppStore|x86.Build.0 = Release|Any CPU
		{EFE01419-E80E-4C18-8941-C6DA6CD20F80}.AppStore|x86.Deploy.0 = Release|Any CPU
		{EFE01419-E80E-4C18-8941-C6DA6CD20F80}.Debug|Any CPU.ActiveCfg = Debug|Any CPU
		{EFE01419-E80E-4C18-8941-C6DA6CD20F80}.Debug|Any CPU.Build.0 = Debug|Any CPU
		{EFE01419-E80E-4C18-8941-C6DA6CD20F80}.Debug|Any CPU.Deploy.0 = Debug|Any CPU
		{EFE01419-E80E-4C18-8941-C6DA6CD20F80}.Debug|ARM.ActiveCfg = Debug|Any CPU
		{EFE01419-E80E-4C18-8941-C6DA6CD20F80}.Debug|ARM.Build.0 = Debug|Any CPU
		{EFE01419-E80E-4C18-8941-C6DA6CD20F80}.Debug|ARM.Deploy.0 = Debug|Any CPU
		{EFE01419-E80E-4C18-8941-C6DA6CD20F80}.Debug|iPhone.ActiveCfg = Debug|Any CPU
		{EFE01419-E80E-4C18-8941-C6DA6CD20F80}.Debug|iPhone.Build.0 = Debug|Any CPU
		{EFE01419-E80E-4C18-8941-C6DA6CD20F80}.Debug|iPhone.Deploy.0 = Debug|Any CPU
		{EFE01419-E80E-4C18-8941-C6DA6CD20F80}.Debug|iPhoneSimulator.ActiveCfg = Debug|Any CPU
		{EFE01419-E80E-4C18-8941-C6DA6CD20F80}.Debug|iPhoneSimulator.Build.0 = Debug|Any CPU
		{EFE01419-E80E-4C18-8941-C6DA6CD20F80}.Debug|iPhoneSimulator.Deploy.0 = Debug|Any CPU
		{EFE01419-E80E-4C18-8941-C6DA6CD20F80}.Debug|x64.ActiveCfg = Debug|Any CPU
		{EFE01419-E80E-4C18-8941-C6DA6CD20F80}.Debug|x64.Build.0 = Debug|Any CPU
		{EFE01419-E80E-4C18-8941-C6DA6CD20F80}.Debug|x64.Deploy.0 = Debug|Any CPU
		{EFE01419-E80E-4C18-8941-C6DA6CD20F80}.Debug|x86.ActiveCfg = Debug|Any CPU
		{EFE01419-E80E-4C18-8941-C6DA6CD20F80}.Debug|x86.Build.0 = Debug|Any CPU
		{EFE01419-E80E-4C18-8941-C6DA6CD20F80}.Debug|x86.Deploy.0 = Debug|Any CPU
		{EFE01419-E80E-4C18-8941-C6DA6CD20F80}.Release|Any CPU.ActiveCfg = Release|Any CPU
		{EFE01419-E80E-4C18-8941-C6DA6CD20F80}.Release|Any CPU.Build.0 = Release|Any CPU
		{EFE01419-E80E-4C18-8941-C6DA6CD20F80}.Release|Any CPU.Deploy.0 = Release|Any CPU
		{EFE01419-E80E-4C18-8941-C6DA6CD20F80}.Release|ARM.ActiveCfg = Release|Any CPU
		{EFE01419-E80E-4C18-8941-C6DA6CD20F80}.Release|ARM.Build.0 = Release|Any CPU
		{EFE01419-E80E-4C18-8941-C6DA6CD20F80}.Release|ARM.Deploy.0 = Release|Any CPU
		{EFE01419-E80E-4C18-8941-C6DA6CD20F80}.Release|iPhone.ActiveCfg = Release|Any CPU
		{EFE01419-E80E-4C18-8941-C6DA6CD20F80}.Release|iPhone.Build.0 = Release|Any CPU
		{EFE01419-E80E-4C18-8941-C6DA6CD20F80}.Release|iPhone.Deploy.0 = Release|Any CPU
		{EFE01419-E80E-4C18-8941-C6DA6CD20F80}.Release|iPhoneSimulator.ActiveCfg = Release|Any CPU
		{EFE01419-E80E-4C18-8941-C6DA6CD20F80}.Release|iPhoneSimulator.Build.0 = Release|Any CPU
		{EFE01419-E80E-4C18-8941-C6DA6CD20F80}.Release|iPhoneSimulator.Deploy.0 = Release|Any CPU
		{EFE01419-E80E-4C18-8941-C6DA6CD20F80}.Release|x64.ActiveCfg = Release|Any CPU
		{EFE01419-E80E-4C18-8941-C6DA6CD20F80}.Release|x64.Build.0 = Release|Any CPU
		{EFE01419-E80E-4C18-8941-C6DA6CD20F80}.Release|x64.Deploy.0 = Release|Any CPU
		{EFE01419-E80E-4C18-8941-C6DA6CD20F80}.Release|x86.ActiveCfg = Release|Any CPU
		{EFE01419-E80E-4C18-8941-C6DA6CD20F80}.Release|x86.Build.0 = Release|Any CPU
		{EFE01419-E80E-4C18-8941-C6DA6CD20F80}.Release|x86.Deploy.0 = Release|Any CPU
		{723DD3C8-1B8A-47B1-A2C5-1B42F40DEFCC}.Ad-Hoc|Any CPU.ActiveCfg = Release|Any CPU
		{723DD3C8-1B8A-47B1-A2C5-1B42F40DEFCC}.Ad-Hoc|Any CPU.Build.0 = Release|Any CPU
		{723DD3C8-1B8A-47B1-A2C5-1B42F40DEFCC}.Ad-Hoc|ARM.ActiveCfg = Release|Any CPU
		{723DD3C8-1B8A-47B1-A2C5-1B42F40DEFCC}.Ad-Hoc|ARM.Build.0 = Release|Any CPU
		{723DD3C8-1B8A-47B1-A2C5-1B42F40DEFCC}.Ad-Hoc|iPhone.ActiveCfg = Release|Any CPU
		{723DD3C8-1B8A-47B1-A2C5-1B42F40DEFCC}.Ad-Hoc|iPhone.Build.0 = Release|Any CPU
		{723DD3C8-1B8A-47B1-A2C5-1B42F40DEFCC}.Ad-Hoc|iPhoneSimulator.ActiveCfg = Release|Any CPU
		{723DD3C8-1B8A-47B1-A2C5-1B42F40DEFCC}.Ad-Hoc|iPhoneSimulator.Build.0 = Release|Any CPU
		{723DD3C8-1B8A-47B1-A2C5-1B42F40DEFCC}.Ad-Hoc|x64.ActiveCfg = Release|Any CPU
		{723DD3C8-1B8A-47B1-A2C5-1B42F40DEFCC}.Ad-Hoc|x64.Build.0 = Release|Any CPU
		{723DD3C8-1B8A-47B1-A2C5-1B42F40DEFCC}.Ad-Hoc|x86.ActiveCfg = Release|Any CPU
		{723DD3C8-1B8A-47B1-A2C5-1B42F40DEFCC}.Ad-Hoc|x86.Build.0 = Release|Any CPU
		{723DD3C8-1B8A-47B1-A2C5-1B42F40DEFCC}.AppStore|Any CPU.ActiveCfg = Release|Any CPU
		{723DD3C8-1B8A-47B1-A2C5-1B42F40DEFCC}.AppStore|Any CPU.Build.0 = Release|Any CPU
		{723DD3C8-1B8A-47B1-A2C5-1B42F40DEFCC}.AppStore|ARM.ActiveCfg = Release|Any CPU
		{723DD3C8-1B8A-47B1-A2C5-1B42F40DEFCC}.AppStore|ARM.Build.0 = Release|Any CPU
		{723DD3C8-1B8A-47B1-A2C5-1B42F40DEFCC}.AppStore|iPhone.ActiveCfg = Release|Any CPU
		{723DD3C8-1B8A-47B1-A2C5-1B42F40DEFCC}.AppStore|iPhone.Build.0 = Release|Any CPU
		{723DD3C8-1B8A-47B1-A2C5-1B42F40DEFCC}.AppStore|iPhoneSimulator.ActiveCfg = Release|Any CPU
		{723DD3C8-1B8A-47B1-A2C5-1B42F40DEFCC}.AppStore|iPhoneSimulator.Build.0 = Release|Any CPU
		{723DD3C8-1B8A-47B1-A2C5-1B42F40DEFCC}.AppStore|x64.ActiveCfg = Release|Any CPU
		{723DD3C8-1B8A-47B1-A2C5-1B42F40DEFCC}.AppStore|x64.Build.0 = Release|Any CPU
		{723DD3C8-1B8A-47B1-A2C5-1B42F40DEFCC}.AppStore|x86.ActiveCfg = Release|Any CPU
		{723DD3C8-1B8A-47B1-A2C5-1B42F40DEFCC}.AppStore|x86.Build.0 = Release|Any CPU
		{723DD3C8-1B8A-47B1-A2C5-1B42F40DEFCC}.Debug|Any CPU.ActiveCfg = Debug|Any CPU
		{723DD3C8-1B8A-47B1-A2C5-1B42F40DEFCC}.Debug|Any CPU.Build.0 = Debug|Any CPU
		{723DD3C8-1B8A-47B1-A2C5-1B42F40DEFCC}.Debug|ARM.ActiveCfg = Debug|Any CPU
		{723DD3C8-1B8A-47B1-A2C5-1B42F40DEFCC}.Debug|ARM.Build.0 = Debug|Any CPU
		{723DD3C8-1B8A-47B1-A2C5-1B42F40DEFCC}.Debug|iPhone.ActiveCfg = Debug|Any CPU
		{723DD3C8-1B8A-47B1-A2C5-1B42F40DEFCC}.Debug|iPhone.Build.0 = Debug|Any CPU
		{723DD3C8-1B8A-47B1-A2C5-1B42F40DEFCC}.Debug|iPhoneSimulator.ActiveCfg = Debug|Any CPU
		{723DD3C8-1B8A-47B1-A2C5-1B42F40DEFCC}.Debug|iPhoneSimulator.Build.0 = Debug|Any CPU
		{723DD3C8-1B8A-47B1-A2C5-1B42F40DEFCC}.Debug|x64.ActiveCfg = Debug|Any CPU
		{723DD3C8-1B8A-47B1-A2C5-1B42F40DEFCC}.Debug|x64.Build.0 = Debug|Any CPU
		{723DD3C8-1B8A-47B1-A2C5-1B42F40DEFCC}.Debug|x86.ActiveCfg = Debug|Any CPU
		{723DD3C8-1B8A-47B1-A2C5-1B42F40DEFCC}.Debug|x86.Build.0 = Debug|Any CPU
		{723DD3C8-1B8A-47B1-A2C5-1B42F40DEFCC}.Release|Any CPU.ActiveCfg = Release|Any CPU
		{723DD3C8-1B8A-47B1-A2C5-1B42F40DEFCC}.Release|Any CPU.Build.0 = Release|Any CPU
		{723DD3C8-1B8A-47B1-A2C5-1B42F40DEFCC}.Release|ARM.ActiveCfg = Release|Any CPU
		{723DD3C8-1B8A-47B1-A2C5-1B42F40DEFCC}.Release|ARM.Build.0 = Release|Any CPU
		{723DD3C8-1B8A-47B1-A2C5-1B42F40DEFCC}.Release|iPhone.ActiveCfg = Release|Any CPU
		{723DD3C8-1B8A-47B1-A2C5-1B42F40DEFCC}.Release|iPhone.Build.0 = Release|Any CPU
		{723DD3C8-1B8A-47B1-A2C5-1B42F40DEFCC}.Release|iPhoneSimulator.ActiveCfg = Release|Any CPU
		{723DD3C8-1B8A-47B1-A2C5-1B42F40DEFCC}.Release|iPhoneSimulator.Build.0 = Release|Any CPU
		{723DD3C8-1B8A-47B1-A2C5-1B42F40DEFCC}.Release|x64.ActiveCfg = Release|Any CPU
		{723DD3C8-1B8A-47B1-A2C5-1B42F40DEFCC}.Release|x64.Build.0 = Release|Any CPU
		{723DD3C8-1B8A-47B1-A2C5-1B42F40DEFCC}.Release|x86.ActiveCfg = Release|Any CPU
		{723DD3C8-1B8A-47B1-A2C5-1B42F40DEFCC}.Release|x86.Build.0 = Release|Any CPU
	EndGlobalSection
	GlobalSection(SolutionProperties) = preSolution
		HideSolutionNode = FALSE
	EndGlobalSection
EndGlobal
