
Microsoft Visual Studio Solution File, Format Version 12.00
# Visual Studio 15
VisualStudioVersion = 15.0.26403.7
MinimumVisualStudioVersion = 10.0.40219.1
Project("{FAE04EC0-301F-11D3-BF4B-00C04F79EFBC}") = "SuiviAA2.Android", "SuiviAA2\SuiviAA2.Android\SuiviAA2.Android.csproj", "{FF4E5C14-13C6-451D-8AE1-6057DD2DD2DB}"
EndProject
Project("{FAE04EC0-301F-11D3-BF4B-00C04F79EFBC}") = "SuiviAA2", "SuiviAA2\SuiviAA2\SuiviAA2.csproj", "{720F3F29-2182-4B14-8729-8E551F6E0084}"
EndProject
Project("{FAE04EC0-301F-11D3-BF4B-00C04F79EFBC}") = "SuiviAA2.UWP", "SuiviAA2\SuiviAA2.UWP\SuiviAA2.UWP.csproj", "{8238A236-C771-40B8-ADA8-4F313A3299AF}"
EndProject
Project("{FAE04EC0-301F-11D3-BF4B-00C04F79EFBC}") = "SuiviAA2.iOS", "SuiviAA2\SuiviAA2.iOS\SuiviAA2.iOS.csproj", "{2F7E63F2-D1DA-488A-BD3D-8220E192BB80}"
EndProject
Global
	GlobalSection(SolutionConfigurationPlatforms) = preSolution
		Ad-Hoc|Any CPU = Ad-Hoc|Any CPU
		Ad-Hoc|ARM = Ad-Hoc|ARM
		Ad-Hoc|iPhone = Ad-Hoc|iPhone
		Ad-Hoc|iPhoneSimulator = Ad-Hoc|iPhoneSimulator
		Ad-Hoc|x64 = Ad-Hoc|x64
		Ad-Hoc|x86 = Ad-Hoc|x86
		AppStore|Any CPU = AppStore|Any CPU
		AppStore|ARM = AppStore|ARM
		AppStore|iPhone = AppStore|iPhone
		AppStore|iPhoneSimulator = AppStore|iPhoneSimulator
		AppStore|x64 = AppStore|x64
		AppStore|x86 = AppStore|x86
		Debug|Any CPU = Debug|Any CPU
		Debug|ARM = Debug|ARM
		Debug|iPhone = Debug|iPhone
		Debug|iPhoneSimulator = Debug|iPhoneSimulator
		Debug|x64 = Debug|x64
		Debug|x86 = Debug|x86
		Release|Any CPU = Release|Any CPU
		Release|ARM = Release|ARM
		Release|iPhone = Release|iPhone
		Release|iPhoneSimulator = Release|iPhoneSimulator
		Release|x64 = Release|x64
		Release|x86 = Release|x86
	EndGlobalSection
	GlobalSection(ProjectConfigurationPlatforms) = postSolution
		{FF4E5C14-13C6-451D-8AE1-6057DD2DD2DB}.Ad-Hoc|Any CPU.ActiveCfg = Release|Any CPU
		{FF4E5C14-13C6-451D-8AE1-6057DD2DD2DB}.Ad-Hoc|Any CPU.Build.0 = Release|Any CPU
		{FF4E5C14-13C6-451D-8AE1-6057DD2DD2DB}.Ad-Hoc|Any CPU.Deploy.0 = Release|Any CPU
		{FF4E5C14-13C6-451D-8AE1-6057DD2DD2DB}.Ad-Hoc|ARM.ActiveCfg = Release|Any CPU
		{FF4E5C14-13C6-451D-8AE1-6057DD2DD2DB}.Ad-Hoc|ARM.Build.0 = Release|Any CPU
		{FF4E5C14-13C6-451D-8AE1-6057DD2DD2DB}.Ad-Hoc|ARM.Deploy.0 = Release|Any CPU
		{FF4E5C14-13C6-451D-8AE1-6057DD2DD2DB}.Ad-Hoc|iPhone.ActiveCfg = Release|Any CPU
		{FF4E5C14-13C6-451D-8AE1-6057DD2DD2DB}.Ad-Hoc|iPhone.Build.0 = Release|Any CPU
		{FF4E5C14-13C6-451D-8AE1-6057DD2DD2DB}.Ad-Hoc|iPhone.Deploy.0 = Release|Any CPU
		{FF4E5C14-13C6-451D-8AE1-6057DD2DD2DB}.Ad-Hoc|iPhoneSimulator.ActiveCfg = Release|Any CPU
		{FF4E5C14-13C6-451D-8AE1-6057DD2DD2DB}.Ad-Hoc|iPhoneSimulator.Build.0 = Release|Any CPU
		{FF4E5C14-13C6-451D-8AE1-6057DD2DD2DB}.Ad-Hoc|iPhoneSimulator.Deploy.0 = Release|Any CPU
		{FF4E5C14-13C6-451D-8AE1-6057DD2DD2DB}.Ad-Hoc|x64.ActiveCfg = Release|Any CPU
		{FF4E5C14-13C6-451D-8AE1-6057DD2DD2DB}.Ad-Hoc|x64.Build.0 = Release|Any CPU
		{FF4E5C14-13C6-451D-8AE1-6057DD2DD2DB}.Ad-Hoc|x64.Deploy.0 = Release|Any CPU
		{FF4E5C14-13C6-451D-8AE1-6057DD2DD2DB}.Ad-Hoc|x86.ActiveCfg = Release|Any CPU
		{FF4E5C14-13C6-451D-8AE1-6057DD2DD2DB}.Ad-Hoc|x86.Build.0 = Release|Any CPU
		{FF4E5C14-13C6-451D-8AE1-6057DD2DD2DB}.Ad-Hoc|x86.Deploy.0 = Release|Any CPU
		{FF4E5C14-13C6-451D-8AE1-6057DD2DD2DB}.AppStore|Any CPU.ActiveCfg = Release|Any CPU
		{FF4E5C14-13C6-451D-8AE1-6057DD2DD2DB}.AppStore|Any CPU.Build.0 = Release|Any CPU
		{FF4E5C14-13C6-451D-8AE1-6057DD2DD2DB}.AppStore|Any CPU.Deploy.0 = Release|Any CPU
		{FF4E5C14-13C6-451D-8AE1-6057DD2DD2DB}.AppStore|ARM.ActiveCfg = Release|Any CPU
		{FF4E5C14-13C6-451D-8AE1-6057DD2DD2DB}.AppStore|ARM.Build.0 = Release|Any CPU
		{FF4E5C14-13C6-451D-8AE1-6057DD2DD2DB}.AppStore|ARM.Deploy.0 = Release|Any CPU
		{FF4E5C14-13C6-451D-8AE1-6057DD2DD2DB}.AppStore|iPhone.ActiveCfg = Release|Any CPU
		{FF4E5C14-13C6-451D-8AE1-6057DD2DD2DB}.AppStore|iPhone.Build.0 = Release|Any CPU
		{FF4E5C14-13C6-451D-8AE1-6057DD2DD2DB}.AppStore|iPhone.Deploy.0 = Release|Any CPU
		{FF4E5C14-13C6-451D-8AE1-6057DD2DD2DB}.AppStore|iPhoneSimulator.ActiveCfg = Release|Any CPU
		{FF4E5C14-13C6-451D-8AE1-6057DD2DD2DB}.AppStore|iPhoneSimulator.Build.0 = Release|Any CPU
		{FF4E5C14-13C6-451D-8AE1-6057DD2DD2DB}.AppStore|iPhoneSimulator.Deploy.0 = Release|Any CPU
		{FF4E5C14-13C6-451D-8AE1-6057DD2DD2DB}.AppStore|x64.ActiveCfg = Release|Any CPU
		{FF4E5C14-13C6-451D-8AE1-6057DD2DD2DB}.AppStore|x64.Build.0 = Release|Any CPU
		{FF4E5C14-13C6-451D-8AE1-6057DD2DD2DB}.AppStore|x64.Deploy.0 = Release|Any CPU
		{FF4E5C14-13C6-451D-8AE1-6057DD2DD2DB}.AppStore|x86.ActiveCfg = Release|Any CPU
		{FF4E5C14-13C6-451D-8AE1-6057DD2DD2DB}.AppStore|x86.Build.0 = Release|Any CPU
		{FF4E5C14-13C6-451D-8AE1-6057DD2DD2DB}.AppStore|x86.Deploy.0 = Release|Any CPU
		{FF4E5C14-13C6-451D-8AE1-6057DD2DD2DB}.Debug|Any CPU.ActiveCfg = Debug|Any CPU
		{FF4E5C14-13C6-451D-8AE1-6057DD2DD2DB}.Debug|Any CPU.Build.0 = Debug|Any CPU
		{FF4E5C14-13C6-451D-8AE1-6057DD2DD2DB}.Debug|Any CPU.Deploy.0 = Debug|Any CPU
		{FF4E5C14-13C6-451D-8AE1-6057DD2DD2DB}.Debug|ARM.ActiveCfg = Debug|Any CPU
		{FF4E5C14-13C6-451D-8AE1-6057DD2DD2DB}.Debug|ARM.Build.0 = Debug|Any CPU
		{FF4E5C14-13C6-451D-8AE1-6057DD2DD2DB}.Debug|ARM.Deploy.0 = Debug|Any CPU
		{FF4E5C14-13C6-451D-8AE1-6057DD2DD2DB}.Debug|iPhone.ActiveCfg = Debug|Any CPU
		{FF4E5C14-13C6-451D-8AE1-6057DD2DD2DB}.Debug|iPhone.Build.0 = Debug|Any CPU
		{FF4E5C14-13C6-451D-8AE1-6057DD2DD2DB}.Debug|iPhone.Deploy.0 = Debug|Any CPU
		{FF4E5C14-13C6-451D-8AE1-6057DD2DD2DB}.Debug|iPhoneSimulator.ActiveCfg = Debug|Any CPU
		{FF4E5C14-13C6-451D-8AE1-6057DD2DD2DB}.Debug|iPhoneSimulator.Build.0 = Debug|Any CPU
		{FF4E5C14-13C6-451D-8AE1-6057DD2DD2DB}.Debug|iPhoneSimulator.Deploy.0 = Debug|Any CPU
		{FF4E5C14-13C6-451D-8AE1-6057DD2DD2DB}.Debug|x64.ActiveCfg = Debug|Any CPU
		{FF4E5C14-13C6-451D-8AE1-6057DD2DD2DB}.Debug|x64.Build.0 = Debug|Any CPU
		{FF4E5C14-13C6-451D-8AE1-6057DD2DD2DB}.Debug|x64.Deploy.0 = Debug|Any CPU
		{FF4E5C14-13C6-451D-8AE1-6057DD2DD2DB}.Debug|x86.ActiveCfg = Debug|Any CPU
		{FF4E5C14-13C6-451D-8AE1-6057DD2DD2DB}.Debug|x86.Build.0 = Debug|Any CPU
		{FF4E5C14-13C6-451D-8AE1-6057DD2DD2DB}.Debug|x86.Deploy.0 = Debug|Any CPU
		{FF4E5C14-13C6-451D-8AE1-6057DD2DD2DB}.Release|Any CPU.ActiveCfg = Release|Any CPU
		{FF4E5C14-13C6-451D-8AE1-6057DD2DD2DB}.Release|Any CPU.Build.0 = Release|Any CPU
		{FF4E5C14-13C6-451D-8AE1-6057DD2DD2DB}.Release|Any CPU.Deploy.0 = Release|Any CPU
		{FF4E5C14-13C6-451D-8AE1-6057DD2DD2DB}.Release|ARM.ActiveCfg = Release|Any CPU
		{FF4E5C14-13C6-451D-8AE1-6057DD2DD2DB}.Release|ARM.Build.0 = Release|Any CPU
		{FF4E5C14-13C6-451D-8AE1-6057DD2DD2DB}.Release|ARM.Deploy.0 = Release|Any CPU
		{FF4E5C14-13C6-451D-8AE1-6057DD2DD2DB}.Release|iPhone.ActiveCfg = Release|Any CPU
		{FF4E5C14-13C6-451D-8AE1-6057DD2DD2DB}.Release|iPhone.Build.0 = Release|Any CPU
		{FF4E5C14-13C6-451D-8AE1-6057DD2DD2DB}.Release|iPhone.Deploy.0 = Release|Any CPU
		{FF4E5C14-13C6-451D-8AE1-6057DD2DD2DB}.Release|iPhoneSimulator.ActiveCfg = Release|Any CPU
		{FF4E5C14-13C6-451D-8AE1-6057DD2DD2DB}.Release|iPhoneSimulator.Build.0 = Release|Any CPU
		{FF4E5C14-13C6-451D-8AE1-6057DD2DD2DB}.Release|iPhoneSimulator.Deploy.0 = Release|Any CPU
		{FF4E5C14-13C6-451D-8AE1-6057DD2DD2DB}.Release|x64.ActiveCfg = Release|Any CPU
		{FF4E5C14-13C6-451D-8AE1-6057DD2DD2DB}.Release|x64.Build.0 = Release|Any CPU
		{FF4E5C14-13C6-451D-8AE1-6057DD2DD2DB}.Release|x64.Deploy.0 = Release|Any CPU
		{FF4E5C14-13C6-451D-8AE1-6057DD2DD2DB}.Release|x86.ActiveCfg = Release|Any CPU
		{FF4E5C14-13C6-451D-8AE1-6057DD2DD2DB}.Release|x86.Build.0 = Release|Any CPU
		{FF4E5C14-13C6-451D-8AE1-6057DD2DD2DB}.Release|x86.Deploy.0 = Release|Any CPU
		{720F3F29-2182-4B14-8729-8E551F6E0084}.Ad-Hoc|Any CPU.ActiveCfg = Release|Any CPU
		{720F3F29-2182-4B14-8729-8E551F6E0084}.Ad-Hoc|Any CPU.Build.0 = Release|Any CPU
		{720F3F29-2182-4B14-8729-8E551F6E0084}.Ad-Hoc|ARM.ActiveCfg = Release|Any CPU
		{720F3F29-2182-4B14-8729-8E551F6E0084}.Ad-Hoc|ARM.Build.0 = Release|Any CPU
		{720F3F29-2182-4B14-8729-8E551F6E0084}.Ad-Hoc|iPhone.ActiveCfg = Release|Any CPU
		{720F3F29-2182-4B14-8729-8E551F6E0084}.Ad-Hoc|iPhone.Build.0 = Release|Any CPU
		{720F3F29-2182-4B14-8729-8E551F6E0084}.Ad-Hoc|iPhoneSimulator.ActiveCfg = Release|Any CPU
		{720F3F29-2182-4B14-8729-8E551F6E0084}.Ad-Hoc|iPhoneSimulator.Build.0 = Release|Any CPU
		{720F3F29-2182-4B14-8729-8E551F6E0084}.Ad-Hoc|x64.ActiveCfg = Release|Any CPU
		{720F3F29-2182-4B14-8729-8E551F6E0084}.Ad-Hoc|x64.Build.0 = Release|Any CPU
		{720F3F29-2182-4B14-8729-8E551F6E0084}.Ad-Hoc|x86.ActiveCfg = Release|Any CPU
		{720F3F29-2182-4B14-8729-8E551F6E0084}.Ad-Hoc|x86.Build.0 = Release|Any CPU
		{720F3F29-2182-4B14-8729-8E551F6E0084}.AppStore|Any CPU.ActiveCfg = Release|Any CPU
		{720F3F29-2182-4B14-8729-8E551F6E0084}.AppStore|Any CPU.Build.0 = Release|Any CPU
		{720F3F29-2182-4B14-8729-8E551F6E0084}.AppStore|ARM.ActiveCfg = Release|Any CPU
		{720F3F29-2182-4B14-8729-8E551F6E0084}.AppStore|ARM.Build.0 = Release|Any CPU
		{720F3F29-2182-4B14-8729-8E551F6E0084}.AppStore|iPhone.ActiveCfg = Release|Any CPU
		{720F3F29-2182-4B14-8729-8E551F6E0084}.AppStore|iPhone.Build.0 = Release|Any CPU
		{720F3F29-2182-4B14-8729-8E551F6E0084}.AppStore|iPhoneSimulator.ActiveCfg = Release|Any CPU
		{720F3F29-2182-4B14-8729-8E551F6E0084}.AppStore|iPhoneSimulator.Build.0 = Release|Any CPU
		{720F3F29-2182-4B14-8729-8E551F6E0084}.AppStore|x64.ActiveCfg = Release|Any CPU
		{720F3F29-2182-4B14-8729-8E551F6E0084}.AppStore|x64.Build.0 = Release|Any CPU
		{720F3F29-2182-4B14-8729-8E551F6E0084}.AppStore|x86.ActiveCfg = Release|Any CPU
		{720F3F29-2182-4B14-8729-8E551F6E0084}.AppStore|x86.Build.0 = Release|Any CPU
		{720F3F29-2182-4B14-8729-8E551F6E0084}.Debug|Any CPU.ActiveCfg = Debug|Any CPU
		{720F3F29-2182-4B14-8729-8E551F6E0084}.Debug|Any CPU.Build.0 = Debug|Any CPU
		{720F3F29-2182-4B14-8729-8E551F6E0084}.Debug|ARM.ActiveCfg = Debug|Any CPU
		{720F3F29-2182-4B14-8729-8E551F6E0084}.Debug|ARM.Build.0 = Debug|Any CPU
		{720F3F29-2182-4B14-8729-8E551F6E0084}.Debug|iPhone.ActiveCfg = Debug|Any CPU
		{720F3F29-2182-4B14-8729-8E551F6E0084}.Debug|iPhone.Build.0 = Debug|Any CPU
		{720F3F29-2182-4B14-8729-8E551F6E0084}.Debug|iPhoneSimulator.ActiveCfg = Debug|Any CPU
		{720F3F29-2182-4B14-8729-8E551F6E0084}.Debug|iPhoneSimulator.Build.0 = Debug|Any CPU
		{720F3F29-2182-4B14-8729-8E551F6E0084}.Debug|x64.ActiveCfg = Debug|Any CPU
		{720F3F29-2182-4B14-8729-8E551F6E0084}.Debug|x64.Build.0 = Debug|Any CPU
		{720F3F29-2182-4B14-8729-8E551F6E0084}.Debug|x86.ActiveCfg = Debug|Any CPU
		{720F3F29-2182-4B14-8729-8E551F6E0084}.Debug|x86.Build.0 = Debug|Any CPU
		{720F3F29-2182-4B14-8729-8E551F6E0084}.Release|Any CPU.ActiveCfg = Release|Any CPU
		{720F3F29-2182-4B14-8729-8E551F6E0084}.Release|Any CPU.Build.0 = Release|Any CPU
		{720F3F29-2182-4B14-8729-8E551F6E0084}.Release|ARM.ActiveCfg = Release|Any CPU
		{720F3F29-2182-4B14-8729-8E551F6E0084}.Release|ARM.Build.0 = Release|Any CPU
		{720F3F29-2182-4B14-8729-8E551F6E0084}.Release|iPhone.ActiveCfg = Release|Any CPU
		{720F3F29-2182-4B14-8729-8E551F6E0084}.Release|iPhone.Build.0 = Release|Any CPU
		{720F3F29-2182-4B14-8729-8E551F6E0084}.Release|iPhoneSimulator.ActiveCfg = Release|Any CPU
		{720F3F29-2182-4B14-8729-8E551F6E0084}.Release|iPhoneSimulator.Build.0 = Release|Any CPU
		{720F3F29-2182-4B14-8729-8E551F6E0084}.Release|x64.ActiveCfg = Release|Any CPU
		{720F3F29-2182-4B14-8729-8E551F6E0084}.Release|x64.Build.0 = Release|Any CPU
		{720F3F29-2182-4B14-8729-8E551F6E0084}.Release|x86.ActiveCfg = Release|Any CPU
		{720F3F29-2182-4B14-8729-8E551F6E0084}.Release|x86.Build.0 = Release|Any CPU
		{8238A236-C771-40B8-ADA8-4F313A3299AF}.Ad-Hoc|Any CPU.ActiveCfg = Release|x86
		{8238A236-C771-40B8-ADA8-4F313A3299AF}.Ad-Hoc|Any CPU.Build.0 = Release|x86
		{8238A236-C771-40B8-ADA8-4F313A3299AF}.Ad-Hoc|Any CPU.Deploy.0 = Release|x86
		{8238A236-C771-40B8-ADA8-4F313A3299AF}.Ad-Hoc|ARM.ActiveCfg = Release|ARM
		{8238A236-C771-40B8-ADA8-4F313A3299AF}.Ad-Hoc|ARM.Build.0 = Release|ARM
		{8238A236-C771-40B8-ADA8-4F313A3299AF}.Ad-Hoc|ARM.Deploy.0 = Release|ARM
		{8238A236-C771-40B8-ADA8-4F313A3299AF}.Ad-Hoc|iPhone.ActiveCfg = Release|x86
		{8238A236-C771-40B8-ADA8-4F313A3299AF}.Ad-Hoc|iPhone.Build.0 = Release|x86
		{8238A236-C771-40B8-ADA8-4F313A3299AF}.Ad-Hoc|iPhone.Deploy.0 = Release|x86
		{8238A236-C771-40B8-ADA8-4F313A3299AF}.Ad-Hoc|iPhoneSimulator.ActiveCfg = Release|x86
		{8238A236-C771-40B8-ADA8-4F313A3299AF}.Ad-Hoc|iPhoneSimulator.Build.0 = Release|x86
		{8238A236-C771-40B8-ADA8-4F313A3299AF}.Ad-Hoc|iPhoneSimulator.Deploy.0 = Release|x86
		{8238A236-C771-40B8-ADA8-4F313A3299AF}.Ad-Hoc|x64.ActiveCfg = Release|x64
		{8238A236-C771-40B8-ADA8-4F313A3299AF}.Ad-Hoc|x64.Build.0 = Release|x64
		{8238A236-C771-40B8-ADA8-4F313A3299AF}.Ad-Hoc|x64.Deploy.0 = Release|x64
		{8238A236-C771-40B8-ADA8-4F313A3299AF}.Ad-Hoc|x86.ActiveCfg = Release|x86
		{8238A236-C771-40B8-ADA8-4F313A3299AF}.Ad-Hoc|x86.Build.0 = Release|x86
		{8238A236-C771-40B8-ADA8-4F313A3299AF}.Ad-Hoc|x86.Deploy.0 = Release|x86
		{8238A236-C771-40B8-ADA8-4F313A3299AF}.AppStore|Any CPU.ActiveCfg = Release|x86
		{8238A236-C771-40B8-ADA8-4F313A3299AF}.AppStore|Any CPU.Build.0 = Release|x86
		{8238A236-C771-40B8-ADA8-4F313A3299AF}.AppStore|Any CPU.Deploy.0 = Release|x86
		{8238A236-C771-40B8-ADA8-4F313A3299AF}.AppStore|ARM.ActiveCfg = Release|ARM
		{8238A236-C771-40B8-ADA8-4F313A3299AF}.AppStore|ARM.Build.0 = Release|ARM
		{8238A236-C771-40B8-ADA8-4F313A3299AF}.AppStore|ARM.Deploy.0 = Release|ARM
		{8238A236-C771-40B8-ADA8-4F313A3299AF}.AppStore|iPhone.ActiveCfg = Release|x86
		{8238A236-C771-40B8-ADA8-4F313A3299AF}.AppStore|iPhone.Build.0 = Release|x86
		{8238A236-C771-40B8-ADA8-4F313A3299AF}.AppStore|iPhone.Deploy.0 = Release|x86
		{8238A236-C771-40B8-ADA8-4F313A3299AF}.AppStore|iPhoneSimulator.ActiveCfg = Release|x86
		{8238A236-C771-40B8-ADA8-4F313A3299AF}.AppStore|iPhoneSimulator.Build.0 = Release|x86
		{8238A236-C771-40B8-ADA8-4F313A3299AF}.AppStore|iPhoneSimulator.Deploy.0 = Release|x86
		{8238A236-C771-40B8-ADA8-4F313A3299AF}.AppStore|x64.ActiveCfg = Release|x64
		{8238A236-C771-40B8-ADA8-4F313A3299AF}.AppStore|x64.Build.0 = Release|x64
		{8238A236-C771-40B8-ADA8-4F313A3299AF}.AppStore|x64.Deploy.0 = Release|x64
		{8238A236-C771-40B8-ADA8-4F313A3299AF}.AppStore|x86.ActiveCfg = Release|x86
		{8238A236-C771-40B8-ADA8-4F313A3299AF}.AppStore|x86.Build.0 = Release|x86
		{8238A236-C771-40B8-ADA8-4F313A3299AF}.AppStore|x86.Deploy.0 = Release|x86
		{8238A236-C771-40B8-ADA8-4F313A3299AF}.Debug|Any CPU.ActiveCfg = Debug|x86
		{8238A236-C771-40B8-ADA8-4F313A3299AF}.Debug|ARM.ActiveCfg = Debug|ARM
		{8238A236-C771-40B8-ADA8-4F313A3299AF}.Debug|ARM.Build.0 = Debug|ARM
		{8238A236-C771-40B8-ADA8-4F313A3299AF}.Debug|ARM.Deploy.0 = Debug|ARM
		{8238A236-C771-40B8-ADA8-4F313A3299AF}.Debug|iPhone.ActiveCfg = Debug|x86
		{8238A236-C771-40B8-ADA8-4F313A3299AF}.Debug|iPhoneSimulator.ActiveCfg = Debug|x86
		{8238A236-C771-40B8-ADA8-4F313A3299AF}.Debug|x64.ActiveCfg = Debug|x64
		{8238A236-C771-40B8-ADA8-4F313A3299AF}.Debug|x64.Build.0 = Debug|x64
		{8238A236-C771-40B8-ADA8-4F313A3299AF}.Debug|x64.Deploy.0 = Debug|x64
		{8238A236-C771-40B8-ADA8-4F313A3299AF}.Debug|x86.ActiveCfg = Debug|x86
		{8238A236-C771-40B8-ADA8-4F313A3299AF}.Debug|x86.Build.0 = Debug|x86
		{8238A236-C771-40B8-ADA8-4F313A3299AF}.Debug|x86.Deploy.0 = Debug|x86
		{8238A236-C771-40B8-ADA8-4F313A3299AF}.Release|Any CPU.ActiveCfg = Release|x86
		{8238A236-C771-40B8-ADA8-4F313A3299AF}.Release|ARM.ActiveCfg = Release|ARM
		{8238A236-C771-40B8-ADA8-4F313A3299AF}.Release|ARM.Build.0 = Release|ARM
		{8238A236-C771-40B8-ADA8-4F313A3299AF}.Release|ARM.Deploy.0 = Release|ARM
		{8238A236-C771-40B8-ADA8-4F313A3299AF}.Release|iPhone.ActiveCfg = Release|x86
		{8238A236-C771-40B8-ADA8-4F313A3299AF}.Release|iPhoneSimulator.ActiveCfg = Release|x86
		{8238A236-C771-40B8-ADA8-4F313A3299AF}.Release|x64.ActiveCfg = Release|x64
		{8238A236-C771-40B8-ADA8-4F313A3299AF}.Release|x64.Build.0 = Release|x64
		{8238A236-C771-40B8-ADA8-4F313A3299AF}.Release|x64.Deploy.0 = Release|x64
		{8238A236-C771-40B8-ADA8-4F313A3299AF}.Release|x86.ActiveCfg = Release|x86
		{8238A236-C771-40B8-ADA8-4F313A3299AF}.Release|x86.Build.0 = Release|x86
		{8238A236-C771-40B8-ADA8-4F313A3299AF}.Release|x86.Deploy.0 = Release|x86
		{2F7E63F2-D1DA-488A-BD3D-8220E192BB80}.Ad-Hoc|Any CPU.ActiveCfg = Ad-Hoc|iPhone
		{2F7E63F2-D1DA-488A-BD3D-8220E192BB80}.Ad-Hoc|ARM.ActiveCfg = Ad-Hoc|iPhone
		{2F7E63F2-D1DA-488A-BD3D-8220E192BB80}.Ad-Hoc|iPhone.ActiveCfg = Ad-Hoc|iPhone
		{2F7E63F2-D1DA-488A-BD3D-8220E192BB80}.Ad-Hoc|iPhone.Build.0 = Ad-Hoc|iPhone
		{2F7E63F2-D1DA-488A-BD3D-8220E192BB80}.Ad-Hoc|iPhoneSimulator.ActiveCfg = Ad-Hoc|iPhoneSimulator
		{2F7E63F2-D1DA-488A-BD3D-8220E192BB80}.Ad-Hoc|iPhoneSimulator.Build.0 = Ad-Hoc|iPhoneSimulator
		{2F7E63F2-D1DA-488A-BD3D-8220E192BB80}.Ad-Hoc|x64.ActiveCfg = Ad-Hoc|iPhone
		{2F7E63F2-D1DA-488A-BD3D-8220E192BB80}.Ad-Hoc|x86.ActiveCfg = Ad-Hoc|iPhone
		{2F7E63F2-D1DA-488A-BD3D-8220E192BB80}.AppStore|Any CPU.ActiveCfg = AppStore|iPhone
		{2F7E63F2-D1DA-488A-BD3D-8220E192BB80}.AppStore|ARM.ActiveCfg = AppStore|iPhone
		{2F7E63F2-D1DA-488A-BD3D-8220E192BB80}.AppStore|iPhone.ActiveCfg = AppStore|iPhone
		{2F7E63F2-D1DA-488A-BD3D-8220E192BB80}.AppStore|iPhone.Build.0 = AppStore|iPhone
		{2F7E63F2-D1DA-488A-BD3D-8220E192BB80}.AppStore|iPhoneSimulator.ActiveCfg = AppStore|iPhoneSimulator
		{2F7E63F2-D1DA-488A-BD3D-8220E192BB80}.AppStore|iPhoneSimulator.Build.0 = AppStore|iPhoneSimulator
		{2F7E63F2-D1DA-488A-BD3D-8220E192BB80}.AppStore|x64.ActiveCfg = AppStore|iPhone
		{2F7E63F2-D1DA-488A-BD3D-8220E192BB80}.AppStore|x86.ActiveCfg = AppStore|iPhone
		{2F7E63F2-D1DA-488A-BD3D-8220E192BB80}.Debug|Any CPU.ActiveCfg = Debug|iPhone
		{2F7E63F2-D1DA-488A-BD3D-8220E192BB80}.Debug|ARM.ActiveCfg = Debug|iPhone
		{2F7E63F2-D1DA-488A-BD3D-8220E192BB80}.Debug|iPhone.ActiveCfg = Debug|iPhone
		{2F7E63F2-D1DA-488A-BD3D-8220E192BB80}.Debug|iPhone.Build.0 = Debug|iPhone
		{2F7E63F2-D1DA-488A-BD3D-8220E192BB80}.Debug|iPhoneSimulator.ActiveCfg = Debug|iPhoneSimulator
		{2F7E63F2-D1DA-488A-BD3D-8220E192BB80}.Debug|iPhoneSimulator.Build.0 = Debug|iPhoneSimulator
		{2F7E63F2-D1DA-488A-BD3D-8220E192BB80}.Debug|x64.ActiveCfg = Debug|iPhone
		{2F7E63F2-D1DA-488A-BD3D-8220E192BB80}.Debug|x86.ActiveCfg = Debug|iPhone
		{2F7E63F2-D1DA-488A-BD3D-8220E192BB80}.Release|Any CPU.ActiveCfg = Release|iPhone
		{2F7E63F2-D1DA-488A-BD3D-8220E192BB80}.Release|ARM.ActiveCfg = Release|iPhone
		{2F7E63F2-D1DA-488A-BD3D-8220E192BB80}.Release|iPhone.ActiveCfg = Release|iPhone
		{2F7E63F2-D1DA-488A-BD3D-8220E192BB80}.Release|iPhone.Build.0 = Release|iPhone
		{2F7E63F2-D1DA-488A-BD3D-8220E192BB80}.Release|iPhoneSimulator.ActiveCfg = Release|iPhoneSimulator
		{2F7E63F2-D1DA-488A-BD3D-8220E192BB80}.Release|iPhoneSimulator.Build.0 = Release|iPhoneSimulator
		{2F7E63F2-D1DA-488A-BD3D-8220E192BB80}.Release|x64.ActiveCfg = Release|iPhone
		{2F7E63F2-D1DA-488A-BD3D-8220E192BB80}.Release|x86.ActiveCfg = Release|iPhone
	EndGlobalSection
	GlobalSection(SolutionProperties) = preSolution
		HideSolutionNode = FALSE
	EndGlobalSection
EndGlobal
