
Microsoft Visual Studio Solution File, Format Version 12.00
# Visual Studio 15
VisualStudioVersion = 15.0.26228.12
MinimumVisualStudioVersion = 10.0.40219.1
Project("{FAE04EC0-301F-11D3-BF4B-00C04F79EFBC}") = "suivAAndroid.Android", "suivAAndroid\suivAAndroid.Android\suivAAndroid.Android.csproj", "{4CAD2D7D-8288-43EF-8D48-DA24BE58F998}"
EndProject
Project("{FAE04EC0-301F-11D3-BF4B-00C04F79EFBC}") = "suivAAndroid", "suivAAndroid\suivAAndroid\suivAAndroid.csproj", "{E6D67413-CBF4-48A9-9FAB-F16B99E28049}"
EndProject
Project("{FAE04EC0-301F-11D3-BF4B-00C04F79EFBC}") = "suivAAndroid.UWP", "suivAAndroid\suivAAndroid.UWP\suivAAndroid.UWP.csproj", "{94400E16-6D21-4CCB-B15F-1FFDB1A9F836}"
EndProject
Project("{FAE04EC0-301F-11D3-BF4B-00C04F79EFBC}") = "suivAAndroid.iOS", "suivAAndroid\suivAAndroid.iOS\suivAAndroid.iOS.csproj", "{3EA85BAB-68EA-456C-8756-B59AA860102A}"
EndProject
Global
	GlobalSection(SolutionConfigurationPlatforms) = preSolution
		Ad-Hoc|Any CPU = Ad-Hoc|Any CPU
		Ad-Hoc|ARM = Ad-Hoc|ARM
		Ad-Hoc|iPhone = Ad-Hoc|iPhone
		Ad-Hoc|iPhoneSimulator = Ad-Hoc|iPhoneSimulator
		Ad-Hoc|x64 = Ad-Hoc|x64
		Ad-Hoc|x86 = Ad-Hoc|x86
		AppStore|Any CPU = AppStore|Any CPU
		AppStore|ARM = AppStore|ARM
		AppStore|iPhone = AppStore|iPhone
		AppStore|iPhoneSimulator = AppStore|iPhoneSimulator
		AppStore|x64 = AppStore|x64
		AppStore|x86 = AppStore|x86
		Debug|Any CPU = Debug|Any CPU
		Debug|ARM = Debug|ARM
		Debug|iPhone = Debug|iPhone
		Debug|iPhoneSimulator = Debug|iPhoneSimulator
		Debug|x64 = Debug|x64
		Debug|x86 = Debug|x86
		Release|Any CPU = Release|Any CPU
		Release|ARM = Release|ARM
		Release|iPhone = Release|iPhone
		Release|iPhoneSimulator = Release|iPhoneSimulator
		Release|x64 = Release|x64
		Release|x86 = Release|x86
	EndGlobalSection
	GlobalSection(ProjectConfigurationPlatforms) = postSolution
		{4CAD2D7D-8288-43EF-8D48-DA24BE58F998}.Ad-Hoc|Any CPU.ActiveCfg = Release|Any CPU
		{4CAD2D7D-8288-43EF-8D48-DA24BE58F998}.Ad-Hoc|Any CPU.Build.0 = Release|Any CPU
		{4CAD2D7D-8288-43EF-8D48-DA24BE58F998}.Ad-Hoc|Any CPU.Deploy.0 = Release|Any CPU
		{4CAD2D7D-8288-43EF-8D48-DA24BE58F998}.Ad-Hoc|ARM.ActiveCfg = Release|Any CPU
		{4CAD2D7D-8288-43EF-8D48-DA24BE58F998}.Ad-Hoc|ARM.Build.0 = Release|Any CPU
		{4CAD2D7D-8288-43EF-8D48-DA24BE58F998}.Ad-Hoc|ARM.Deploy.0 = Release|Any CPU
		{4CAD2D7D-8288-43EF-8D48-DA24BE58F998}.Ad-Hoc|iPhone.ActiveCfg = Release|Any CPU
		{4CAD2D7D-8288-43EF-8D48-DA24BE58F998}.Ad-Hoc|iPhone.Build.0 = Release|Any CPU
		{4CAD2D7D-8288-43EF-8D48-DA24BE58F998}.Ad-Hoc|iPhone.Deploy.0 = Release|Any CPU
		{4CAD2D7D-8288-43EF-8D48-DA24BE58F998}.Ad-Hoc|iPhoneSimulator.ActiveCfg = Release|Any CPU
		{4CAD2D7D-8288-43EF-8D48-DA24BE58F998}.Ad-Hoc|iPhoneSimulator.Build.0 = Release|Any CPU
		{4CAD2D7D-8288-43EF-8D48-DA24BE58F998}.Ad-Hoc|iPhoneSimulator.Deploy.0 = Release|Any CPU
		{4CAD2D7D-8288-43EF-8D48-DA24BE58F998}.Ad-Hoc|x64.ActiveCfg = Release|Any CPU
		{4CAD2D7D-8288-43EF-8D48-DA24BE58F998}.Ad-Hoc|x64.Build.0 = Release|Any CPU
		{4CAD2D7D-8288-43EF-8D48-DA24BE58F998}.Ad-Hoc|x64.Deploy.0 = Release|Any CPU
		{4CAD2D7D-8288-43EF-8D48-DA24BE58F998}.Ad-Hoc|x86.ActiveCfg = Release|Any CPU
		{4CAD2D7D-8288-43EF-8D48-DA24BE58F998}.Ad-Hoc|x86.Build.0 = Release|Any CPU
		{4CAD2D7D-8288-43EF-8D48-DA24BE58F998}.Ad-Hoc|x86.Deploy.0 = Release|Any CPU
		{4CAD2D7D-8288-43EF-8D48-DA24BE58F998}.AppStore|Any CPU.ActiveCfg = Release|Any CPU
		{4CAD2D7D-8288-43EF-8D48-DA24BE58F998}.AppStore|Any CPU.Build.0 = Release|Any CPU
		{4CAD2D7D-8288-43EF-8D48-DA24BE58F998}.AppStore|Any CPU.Deploy.0 = Release|Any CPU
		{4CAD2D7D-8288-43EF-8D48-DA24BE58F998}.AppStore|ARM.ActiveCfg = Release|Any CPU
		{4CAD2D7D-8288-43EF-8D48-DA24BE58F998}.AppStore|ARM.Build.0 = Release|Any CPU
		{4CAD2D7D-8288-43EF-8D48-DA24BE58F998}.AppStore|ARM.Deploy.0 = Release|Any CPU
		{4CAD2D7D-8288-43EF-8D48-DA24BE58F998}.AppStore|iPhone.ActiveCfg = Release|Any CPU
		{4CAD2D7D-8288-43EF-8D48-DA24BE58F998}.AppStore|iPhone.Build.0 = Release|Any CPU
		{4CAD2D7D-8288-43EF-8D48-DA24BE58F998}.AppStore|iPhone.Deploy.0 = Release|Any CPU
		{4CAD2D7D-8288-43EF-8D48-DA24BE58F998}.AppStore|iPhoneSimulator.ActiveCfg = Release|Any CPU
		{4CAD2D7D-8288-43EF-8D48-DA24BE58F998}.AppStore|iPhoneSimulator.Build.0 = Release|Any CPU
		{4CAD2D7D-8288-43EF-8D48-DA24BE58F998}.AppStore|iPhoneSimulator.Deploy.0 = Release|Any CPU
		{4CAD2D7D-8288-43EF-8D48-DA24BE58F998}.AppStore|x64.ActiveCfg = Release|Any CPU
		{4CAD2D7D-8288-43EF-8D48-DA24BE58F998}.AppStore|x64.Build.0 = Release|Any CPU
		{4CAD2D7D-8288-43EF-8D48-DA24BE58F998}.AppStore|x64.Deploy.0 = Release|Any CPU
		{4CAD2D7D-8288-43EF-8D48-DA24BE58F998}.AppStore|x86.ActiveCfg = Release|Any CPU
		{4CAD2D7D-8288-43EF-8D48-DA24BE58F998}.AppStore|x86.Build.0 = Release|Any CPU
		{4CAD2D7D-8288-43EF-8D48-DA24BE58F998}.AppStore|x86.Deploy.0 = Release|Any CPU
		{4CAD2D7D-8288-43EF-8D48-DA24BE58F998}.Debug|Any CPU.ActiveCfg = Debug|Any CPU
		{4CAD2D7D-8288-43EF-8D48-DA24BE58F998}.Debug|Any CPU.Build.0 = Debug|Any CPU
		{4CAD2D7D-8288-43EF-8D48-DA24BE58F998}.Debug|Any CPU.Deploy.0 = Debug|Any CPU
		{4CAD2D7D-8288-43EF-8D48-DA24BE58F998}.Debug|ARM.ActiveCfg = Debug|Any CPU
		{4CAD2D7D-8288-43EF-8D48-DA24BE58F998}.Debug|ARM.Build.0 = Debug|Any CPU
		{4CAD2D7D-8288-43EF-8D48-DA24BE58F998}.Debug|ARM.Deploy.0 = Debug|Any CPU
		{4CAD2D7D-8288-43EF-8D48-DA24BE58F998}.Debug|iPhone.ActiveCfg = Debug|Any CPU
		{4CAD2D7D-8288-43EF-8D48-DA24BE58F998}.Debug|iPhone.Build.0 = Debug|Any CPU
		{4CAD2D7D-8288-43EF-8D48-DA24BE58F998}.Debug|iPhone.Deploy.0 = Debug|Any CPU
		{4CAD2D7D-8288-43EF-8D48-DA24BE58F998}.Debug|iPhoneSimulator.ActiveCfg = Debug|Any CPU
		{4CAD2D7D-8288-43EF-8D48-DA24BE58F998}.Debug|iPhoneSimulator.Build.0 = Debug|Any CPU
		{4CAD2D7D-8288-43EF-8D48-DA24BE58F998}.Debug|iPhoneSimulator.Deploy.0 = Debug|Any CPU
		{4CAD2D7D-8288-43EF-8D48-DA24BE58F998}.Debug|x64.ActiveCfg = Debug|Any CPU
		{4CAD2D7D-8288-43EF-8D48-DA24BE58F998}.Debug|x64.Build.0 = Debug|Any CPU
		{4CAD2D7D-8288-43EF-8D48-DA24BE58F998}.Debug|x64.Deploy.0 = Debug|Any CPU
		{4CAD2D7D-8288-43EF-8D48-DA24BE58F998}.Debug|x86.ActiveCfg = Debug|Any CPU
		{4CAD2D7D-8288-43EF-8D48-DA24BE58F998}.Debug|x86.Build.0 = Debug|Any CPU
		{4CAD2D7D-8288-43EF-8D48-DA24BE58F998}.Debug|x86.Deploy.0 = Debug|Any CPU
		{4CAD2D7D-8288-43EF-8D48-DA24BE58F998}.Release|Any CPU.ActiveCfg = Release|Any CPU
		{4CAD2D7D-8288-43EF-8D48-DA24BE58F998}.Release|Any CPU.Build.0 = Release|Any CPU
		{4CAD2D7D-8288-43EF-8D48-DA24BE58F998}.Release|Any CPU.Deploy.0 = Release|Any CPU
		{4CAD2D7D-8288-43EF-8D48-DA24BE58F998}.Release|ARM.ActiveCfg = Release|Any CPU
		{4CAD2D7D-8288-43EF-8D48-DA24BE58F998}.Release|ARM.Build.0 = Release|Any CPU
		{4CAD2D7D-8288-43EF-8D48-DA24BE58F998}.Release|ARM.Deploy.0 = Release|Any CPU
		{4CAD2D7D-8288-43EF-8D48-DA24BE58F998}.Release|iPhone.ActiveCfg = Release|Any CPU
		{4CAD2D7D-8288-43EF-8D48-DA24BE58F998}.Release|iPhone.Build.0 = Release|Any CPU
		{4CAD2D7D-8288-43EF-8D48-DA24BE58F998}.Release|iPhone.Deploy.0 = Release|Any CPU
		{4CAD2D7D-8288-43EF-8D48-DA24BE58F998}.Release|iPhoneSimulator.ActiveCfg = Release|Any CPU
		{4CAD2D7D-8288-43EF-8D48-DA24BE58F998}.Release|iPhoneSimulator.Build.0 = Release|Any CPU
		{4CAD2D7D-8288-43EF-8D48-DA24BE58F998}.Release|iPhoneSimulator.Deploy.0 = Release|Any CPU
		{4CAD2D7D-8288-43EF-8D48-DA24BE58F998}.Release|x64.ActiveCfg = Release|Any CPU
		{4CAD2D7D-8288-43EF-8D48-DA24BE58F998}.Release|x64.Build.0 = Release|Any CPU
		{4CAD2D7D-8288-43EF-8D48-DA24BE58F998}.Release|x64.Deploy.0 = Release|Any CPU
		{4CAD2D7D-8288-43EF-8D48-DA24BE58F998}.Release|x86.ActiveCfg = Release|Any CPU
		{4CAD2D7D-8288-43EF-8D48-DA24BE58F998}.Release|x86.Build.0 = Release|Any CPU
		{4CAD2D7D-8288-43EF-8D48-DA24BE58F998}.Release|x86.Deploy.0 = Release|Any CPU
		{E6D67413-CBF4-48A9-9FAB-F16B99E28049}.Ad-Hoc|Any CPU.ActiveCfg = Release|Any CPU
		{E6D67413-CBF4-48A9-9FAB-F16B99E28049}.Ad-Hoc|Any CPU.Build.0 = Release|Any CPU
		{E6D67413-CBF4-48A9-9FAB-F16B99E28049}.Ad-Hoc|ARM.ActiveCfg = Release|Any CPU
		{E6D67413-CBF4-48A9-9FAB-F16B99E28049}.Ad-Hoc|ARM.Build.0 = Release|Any CPU
		{E6D67413-CBF4-48A9-9FAB-F16B99E28049}.Ad-Hoc|iPhone.ActiveCfg = Release|Any CPU
		{E6D67413-CBF4-48A9-9FAB-F16B99E28049}.Ad-Hoc|iPhone.Build.0 = Release|Any CPU
		{E6D67413-CBF4-48A9-9FAB-F16B99E28049}.Ad-Hoc|iPhoneSimulator.ActiveCfg = Release|Any CPU
		{E6D67413-CBF4-48A9-9FAB-F16B99E28049}.Ad-Hoc|iPhoneSimulator.Build.0 = Release|Any CPU
		{E6D67413-CBF4-48A9-9FAB-F16B99E28049}.Ad-Hoc|x64.ActiveCfg = Release|Any CPU
		{E6D67413-CBF4-48A9-9FAB-F16B99E28049}.Ad-Hoc|x64.Build.0 = Release|Any CPU
		{E6D67413-CBF4-48A9-9FAB-F16B99E28049}.Ad-Hoc|x86.ActiveCfg = Release|Any CPU
		{E6D67413-CBF4-48A9-9FAB-F16B99E28049}.Ad-Hoc|x86.Build.0 = Release|Any CPU
		{E6D67413-CBF4-48A9-9FAB-F16B99E28049}.AppStore|Any CPU.ActiveCfg = Release|Any CPU
		{E6D67413-CBF4-48A9-9FAB-F16B99E28049}.AppStore|Any CPU.Build.0 = Release|Any CPU
		{E6D67413-CBF4-48A9-9FAB-F16B99E28049}.AppStore|ARM.ActiveCfg = Release|Any CPU
		{E6D67413-CBF4-48A9-9FAB-F16B99E28049}.AppStore|ARM.Build.0 = Release|Any CPU
		{E6D67413-CBF4-48A9-9FAB-F16B99E28049}.AppStore|iPhone.ActiveCfg = Release|Any CPU
		{E6D67413-CBF4-48A9-9FAB-F16B99E28049}.AppStore|iPhone.Build.0 = Release|Any CPU
		{E6D67413-CBF4-48A9-9FAB-F16B99E28049}.AppStore|iPhoneSimulator.ActiveCfg = Release|Any CPU
		{E6D67413-CBF4-48A9-9FAB-F16B99E28049}.AppStore|iPhoneSimulator.Build.0 = Release|Any CPU
		{E6D67413-CBF4-48A9-9FAB-F16B99E28049}.AppStore|x64.ActiveCfg = Release|Any CPU
		{E6D67413-CBF4-48A9-9FAB-F16B99E28049}.AppStore|x64.Build.0 = Release|Any CPU
		{E6D67413-CBF4-48A9-9FAB-F16B99E28049}.AppStore|x86.ActiveCfg = Release|Any CPU
		{E6D67413-CBF4-48A9-9FAB-F16B99E28049}.AppStore|x86.Build.0 = Release|Any CPU
		{E6D67413-CBF4-48A9-9FAB-F16B99E28049}.Debug|Any CPU.ActiveCfg = Debug|Any CPU
		{E6D67413-CBF4-48A9-9FAB-F16B99E28049}.Debug|Any CPU.Build.0 = Debug|Any CPU
		{E6D67413-CBF4-48A9-9FAB-F16B99E28049}.Debug|ARM.ActiveCfg = Debug|Any CPU
		{E6D67413-CBF4-48A9-9FAB-F16B99E28049}.Debug|ARM.Build.0 = Debug|Any CPU
		{E6D67413-CBF4-48A9-9FAB-F16B99E28049}.Debug|iPhone.ActiveCfg = Debug|Any CPU
		{E6D67413-CBF4-48A9-9FAB-F16B99E28049}.Debug|iPhone.Build.0 = Debug|Any CPU
		{E6D67413-CBF4-48A9-9FAB-F16B99E28049}.Debug|iPhoneSimulator.ActiveCfg = Debug|Any CPU
		{E6D67413-CBF4-48A9-9FAB-F16B99E28049}.Debug|iPhoneSimulator.Build.0 = Debug|Any CPU
		{E6D67413-CBF4-48A9-9FAB-F16B99E28049}.Debug|x64.ActiveCfg = Debug|Any CPU
		{E6D67413-CBF4-48A9-9FAB-F16B99E28049}.Debug|x64.Build.0 = Debug|Any CPU
		{E6D67413-CBF4-48A9-9FAB-F16B99E28049}.Debug|x86.ActiveCfg = Debug|Any CPU
		{E6D67413-CBF4-48A9-9FAB-F16B99E28049}.Debug|x86.Build.0 = Debug|Any CPU
		{E6D67413-CBF4-48A9-9FAB-F16B99E28049}.Release|Any CPU.ActiveCfg = Release|Any CPU
		{E6D67413-CBF4-48A9-9FAB-F16B99E28049}.Release|Any CPU.Build.0 = Release|Any CPU
		{E6D67413-CBF4-48A9-9FAB-F16B99E28049}.Release|ARM.ActiveCfg = Release|Any CPU
		{E6D67413-CBF4-48A9-9FAB-F16B99E28049}.Release|ARM.Build.0 = Release|Any CPU
		{E6D67413-CBF4-48A9-9FAB-F16B99E28049}.Release|iPhone.ActiveCfg = Release|Any CPU
		{E6D67413-CBF4-48A9-9FAB-F16B99E28049}.Release|iPhone.Build.0 = Release|Any CPU
		{E6D67413-CBF4-48A9-9FAB-F16B99E28049}.Release|iPhoneSimulator.ActiveCfg = Release|Any CPU
		{E6D67413-CBF4-48A9-9FAB-F16B99E28049}.Release|iPhoneSimulator.Build.0 = Release|Any CPU
		{E6D67413-CBF4-48A9-9FAB-F16B99E28049}.Release|x64.ActiveCfg = Release|Any CPU
		{E6D67413-CBF4-48A9-9FAB-F16B99E28049}.Release|x64.Build.0 = Release|Any CPU
		{E6D67413-CBF4-48A9-9FAB-F16B99E28049}.Release|x86.ActiveCfg = Release|Any CPU
		{E6D67413-CBF4-48A9-9FAB-F16B99E28049}.Release|x86.Build.0 = Release|Any CPU
		{94400E16-6D21-4CCB-B15F-1FFDB1A9F836}.Ad-Hoc|Any CPU.ActiveCfg = Release|x86
		{94400E16-6D21-4CCB-B15F-1FFDB1A9F836}.Ad-Hoc|Any CPU.Build.0 = Release|x86
		{94400E16-6D21-4CCB-B15F-1FFDB1A9F836}.Ad-Hoc|Any CPU.Deploy.0 = Release|x86
		{94400E16-6D21-4CCB-B15F-1FFDB1A9F836}.Ad-Hoc|ARM.ActiveCfg = Release|ARM
		{94400E16-6D21-4CCB-B15F-1FFDB1A9F836}.Ad-Hoc|ARM.Build.0 = Release|ARM
		{94400E16-6D21-4CCB-B15F-1FFDB1A9F836}.Ad-Hoc|ARM.Deploy.0 = Release|ARM
		{94400E16-6D21-4CCB-B15F-1FFDB1A9F836}.Ad-Hoc|iPhone.ActiveCfg = Release|x86
		{94400E16-6D21-4CCB-B15F-1FFDB1A9F836}.Ad-Hoc|iPhone.Build.0 = Release|x86
		{94400E16-6D21-4CCB-B15F-1FFDB1A9F836}.Ad-Hoc|iPhone.Deploy.0 = Release|x86
		{94400E16-6D21-4CCB-B15F-1FFDB1A9F836}.Ad-Hoc|iPhoneSimulator.ActiveCfg = Release|x86
		{94400E16-6D21-4CCB-B15F-1FFDB1A9F836}.Ad-Hoc|iPhoneSimulator.Build.0 = Release|x86
		{94400E16-6D21-4CCB-B15F-1FFDB1A9F836}.Ad-Hoc|iPhoneSimulator.Deploy.0 = Release|x86
		{94400E16-6D21-4CCB-B15F-1FFDB1A9F836}.Ad-Hoc|x64.ActiveCfg = Release|x64
		{94400E16-6D21-4CCB-B15F-1FFDB1A9F836}.Ad-Hoc|x64.Build.0 = Release|x64
		{94400E16-6D21-4CCB-B15F-1FFDB1A9F836}.Ad-Hoc|x64.Deploy.0 = Release|x64
		{94400E16-6D21-4CCB-B15F-1FFDB1A9F836}.Ad-Hoc|x86.ActiveCfg = Release|x86
		{94400E16-6D21-4CCB-B15F-1FFDB1A9F836}.Ad-Hoc|x86.Build.0 = Release|x86
		{94400E16-6D21-4CCB-B15F-1FFDB1A9F836}.Ad-Hoc|x86.Deploy.0 = Release|x86
		{94400E16-6D21-4CCB-B15F-1FFDB1A9F836}.AppStore|Any CPU.ActiveCfg = Release|x86
		{94400E16-6D21-4CCB-B15F-1FFDB1A9F836}.AppStore|Any CPU.Build.0 = Release|x86
		{94400E16-6D21-4CCB-B15F-1FFDB1A9F836}.AppStore|Any CPU.Deploy.0 = Release|x86
		{94400E16-6D21-4CCB-B15F-1FFDB1A9F836}.AppStore|ARM.ActiveCfg = Release|ARM
		{94400E16-6D21-4CCB-B15F-1FFDB1A9F836}.AppStore|ARM.Build.0 = Release|ARM
		{94400E16-6D21-4CCB-B15F-1FFDB1A9F836}.AppStore|ARM.Deploy.0 = Release|ARM
		{94400E16-6D21-4CCB-B15F-1FFDB1A9F836}.AppStore|iPhone.ActiveCfg = Release|x86
		{94400E16-6D21-4CCB-B15F-1FFDB1A9F836}.AppStore|iPhone.Build.0 = Release|x86
		{94400E16-6D21-4CCB-B15F-1FFDB1A9F836}.AppStore|iPhone.Deploy.0 = Release|x86
		{94400E16-6D21-4CCB-B15F-1FFDB1A9F836}.AppStore|iPhoneSimulator.ActiveCfg = Release|x86
		{94400E16-6D21-4CCB-B15F-1FFDB1A9F836}.AppStore|iPhoneSimulator.Build.0 = Release|x86
		{94400E16-6D21-4CCB-B15F-1FFDB1A9F836}.AppStore|iPhoneSimulator.Deploy.0 = Release|x86
		{94400E16-6D21-4CCB-B15F-1FFDB1A9F836}.AppStore|x64.ActiveCfg = Release|x64
		{94400E16-6D21-4CCB-B15F-1FFDB1A9F836}.AppStore|x64.Build.0 = Release|x64
		{94400E16-6D21-4CCB-B15F-1FFDB1A9F836}.AppStore|x64.Deploy.0 = Release|x64
		{94400E16-6D21-4CCB-B15F-1FFDB1A9F836}.AppStore|x86.ActiveCfg = Release|x86
		{94400E16-6D21-4CCB-B15F-1FFDB1A9F836}.AppStore|x86.Build.0 = Release|x86
		{94400E16-6D21-4CCB-B15F-1FFDB1A9F836}.AppStore|x86.Deploy.0 = Release|x86
		{94400E16-6D21-4CCB-B15F-1FFDB1A9F836}.Debug|Any CPU.ActiveCfg = Debug|x86
		{94400E16-6D21-4CCB-B15F-1FFDB1A9F836}.Debug|ARM.ActiveCfg = Debug|ARM
		{94400E16-6D21-4CCB-B15F-1FFDB1A9F836}.Debug|ARM.Build.0 = Debug|ARM
		{94400E16-6D21-4CCB-B15F-1FFDB1A9F836}.Debug|ARM.Deploy.0 = Debug|ARM
		{94400E16-6D21-4CCB-B15F-1FFDB1A9F836}.Debug|iPhone.ActiveCfg = Debug|x86
		{94400E16-6D21-4CCB-B15F-1FFDB1A9F836}.Debug|iPhoneSimulator.ActiveCfg = Debug|x86
		{94400E16-6D21-4CCB-B15F-1FFDB1A9F836}.Debug|x64.ActiveCfg = Debug|x64
		{94400E16-6D21-4CCB-B15F-1FFDB1A9F836}.Debug|x64.Build.0 = Debug|x64
		{94400E16-6D21-4CCB-B15F-1FFDB1A9F836}.Debug|x64.Deploy.0 = Debug|x64
		{94400E16-6D21-4CCB-B15F-1FFDB1A9F836}.Debug|x86.ActiveCfg = Debug|x86
		{94400E16-6D21-4CCB-B15F-1FFDB1A9F836}.Debug|x86.Build.0 = Debug|x86
		{94400E16-6D21-4CCB-B15F-1FFDB1A9F836}.Debug|x86.Deploy.0 = Debug|x86
		{94400E16-6D21-4CCB-B15F-1FFDB1A9F836}.Release|Any CPU.ActiveCfg = Release|x86
		{94400E16-6D21-4CCB-B15F-1FFDB1A9F836}.Release|ARM.ActiveCfg = Release|ARM
		{94400E16-6D21-4CCB-B15F-1FFDB1A9F836}.Release|ARM.Build.0 = Release|ARM
		{94400E16-6D21-4CCB-B15F-1FFDB1A9F836}.Release|ARM.Deploy.0 = Release|ARM
		{94400E16-6D21-4CCB-B15F-1FFDB1A9F836}.Release|iPhone.ActiveCfg = Release|x86
		{94400E16-6D21-4CCB-B15F-1FFDB1A9F836}.Release|iPhoneSimulator.ActiveCfg = Release|x86
		{94400E16-6D21-4CCB-B15F-1FFDB1A9F836}.Release|x64.ActiveCfg = Release|x64
		{94400E16-6D21-4CCB-B15F-1FFDB1A9F836}.Release|x64.Build.0 = Release|x64
		{94400E16-6D21-4CCB-B15F-1FFDB1A9F836}.Release|x64.Deploy.0 = Release|x64
		{94400E16-6D21-4CCB-B15F-1FFDB1A9F836}.Release|x86.ActiveCfg = Release|x86
		{94400E16-6D21-4CCB-B15F-1FFDB1A9F836}.Release|x86.Build.0 = Release|x86
		{94400E16-6D21-4CCB-B15F-1FFDB1A9F836}.Release|x86.Deploy.0 = Release|x86
		{3EA85BAB-68EA-456C-8756-B59AA860102A}.Ad-Hoc|Any CPU.ActiveCfg = Ad-Hoc|iPhone
		{3EA85BAB-68EA-456C-8756-B59AA860102A}.Ad-Hoc|ARM.ActiveCfg = Ad-Hoc|iPhone
		{3EA85BAB-68EA-456C-8756-B59AA860102A}.Ad-Hoc|iPhone.ActiveCfg = Ad-Hoc|iPhone
		{3EA85BAB-68EA-456C-8756-B59AA860102A}.Ad-Hoc|iPhone.Build.0 = Ad-Hoc|iPhone
		{3EA85BAB-68EA-456C-8756-B59AA860102A}.Ad-Hoc|iPhoneSimulator.ActiveCfg = Ad-Hoc|iPhoneSimulator
		{3EA85BAB-68EA-456C-8756-B59AA860102A}.Ad-Hoc|iPhoneSimulator.Build.0 = Ad-Hoc|iPhoneSimulator
		{3EA85BAB-68EA-456C-8756-B59AA860102A}.Ad-Hoc|x64.ActiveCfg = Ad-Hoc|iPhone
		{3EA85BAB-68EA-456C-8756-B59AA860102A}.Ad-Hoc|x86.ActiveCfg = Ad-Hoc|iPhone
		{3EA85BAB-68EA-456C-8756-B59AA860102A}.AppStore|Any CPU.ActiveCfg = AppStore|iPhone
		{3EA85BAB-68EA-456C-8756-B59AA860102A}.AppStore|ARM.ActiveCfg = AppStore|iPhone
		{3EA85BAB-68EA-456C-8756-B59AA860102A}.AppStore|iPhone.ActiveCfg = AppStore|iPhone
		{3EA85BAB-68EA-456C-8756-B59AA860102A}.AppStore|iPhone.Build.0 = AppStore|iPhone
		{3EA85BAB-68EA-456C-8756-B59AA860102A}.AppStore|iPhoneSimulator.ActiveCfg = AppStore|iPhoneSimulator
		{3EA85BAB-68EA-456C-8756-B59AA860102A}.AppStore|iPhoneSimulator.Build.0 = AppStore|iPhoneSimulator
		{3EA85BAB-68EA-456C-8756-B59AA860102A}.AppStore|x64.ActiveCfg = AppStore|iPhone
		{3EA85BAB-68EA-456C-8756-B59AA860102A}.AppStore|x86.ActiveCfg = AppStore|iPhone
		{3EA85BAB-68EA-456C-8756-B59AA860102A}.Debug|Any CPU.ActiveCfg = Debug|iPhone
		{3EA85BAB-68EA-456C-8756-B59AA860102A}.Debug|ARM.ActiveCfg = Debug|iPhone
		{3EA85BAB-68EA-456C-8756-B59AA860102A}.Debug|iPhone.ActiveCfg = Debug|iPhone
		{3EA85BAB-68EA-456C-8756-B59AA860102A}.Debug|iPhone.Build.0 = Debug|iPhone
		{3EA85BAB-68EA-456C-8756-B59AA860102A}.Debug|iPhoneSimulator.ActiveCfg = Debug|iPhoneSimulator
		{3EA85BAB-68EA-456C-8756-B59AA860102A}.Debug|iPhoneSimulator.Build.0 = Debug|iPhoneSimulator
		{3EA85BAB-68EA-456C-8756-B59AA860102A}.Debug|x64.ActiveCfg = Debug|iPhone
		{3EA85BAB-68EA-456C-8756-B59AA860102A}.Debug|x86.ActiveCfg = Debug|iPhone
		{3EA85BAB-68EA-456C-8756-B59AA860102A}.Release|Any CPU.ActiveCfg = Release|iPhone
		{3EA85BAB-68EA-456C-8756-B59AA860102A}.Release|ARM.ActiveCfg = Release|iPhone
		{3EA85BAB-68EA-456C-8756-B59AA860102A}.Release|iPhone.ActiveCfg = Release|iPhone
		{3EA85BAB-68EA-456C-8756-B59AA860102A}.Release|iPhone.Build.0 = Release|iPhone
		{3EA85BAB-68EA-456C-8756-B59AA860102A}.Release|iPhoneSimulator.ActiveCfg = Release|iPhoneSimulator
		{3EA85BAB-68EA-456C-8756-B59AA860102A}.Release|iPhoneSimulator.Build.0 = Release|iPhoneSimulator
		{3EA85BAB-68EA-456C-8756-B59AA860102A}.Release|x64.ActiveCfg = Release|iPhone
		{3EA85BAB-68EA-456C-8756-B59AA860102A}.Release|x86.ActiveCfg = Release|iPhone
	EndGlobalSection
	GlobalSection(SolutionProperties) = preSolution
		HideSolutionNode = FALSE
	EndGlobalSection
	GlobalSection(TeamFoundationVersionControl) = preSolution
		SccNumberOfProjects = 5
		SccEnterpriseProvider = {4CA58AB2-18FA-4F8D-95D4-32DDF27D184C}
		SccTeamFoundationServer = https://adrian-gandon.visualstudio.com/
		SccLocalPath0 = .
		SccProjectUniqueName1 = suivAAndroid\\suivAAndroid.Android\\suivAAndroid.Android.csproj
		SccProjectName1 = suivAAndroid/suivAAndroid.Android
		SccLocalPath1 = suivAAndroid\\suivAAndroid.Android
		SccProjectUniqueName2 = suivAAndroid\\suivAAndroid.iOS\\suivAAndroid.iOS.csproj
		SccProjectName2 = suivAAndroid/suivAAndroid.iOS
		SccLocalPath2 = suivAAndroid\\suivAAndroid.iOS
		SccProjectUniqueName3 = suivAAndroid\\suivAAndroid.UWP\\suivAAndroid.UWP.csproj
		SccProjectName3 = suivAAndroid/suivAAndroid.UWP
		SccLocalPath3 = suivAAndroid\\suivAAndroid.UWP
		SccProjectUniqueName4 = suivAAndroid\\suivAAndroid\\suivAAndroid.csproj
		SccProjectName4 = suivAAndroid/suivAAndroid
		SccLocalPath4 = suivAAndroid\\suivAAndroid
	EndGlobalSection
EndGlobal
